
Microsoft Visual Studio Solution File, Format Version 12.00
# Visual Studio 15
VisualStudioVersion = 15.0.28307.329
MinimumVisualStudioVersion = 10.0.40219.1
Project("{FAE04EC0-301F-11D3-BF4B-00C04F79EFBC}") = "EmailValidator", "EmailValidator\EmailValidator.csproj", "{00F92BA2-AB7C-496D-B4A6-AE9D4286DFCC}"
EndProject
Global
	GlobalSection(SolutionConfigurationPlatforms) = preSolution
		Debug|Any CPU = Debug|Any CPU
		Release|Any CPU = Release|Any CPU
	EndGlobalSection
	GlobalSection(ProjectConfigurationPlatforms) = postSolution
		{00F92BA2-AB7C-496D-B4A6-AE9D4286DFCC}.Debug|Any CPU.ActiveCfg = Debug|Any CPU
		{00F92BA2-AB7C-496D-B4A6-AE9D4286DFCC}.Debug|Any CPU.Build.0 = Debug|Any CPU
		{00F92BA2-AB7C-496D-B4A6-AE9D4286DFCC}.Release|Any CPU.ActiveCfg = Release|Any CPU
		{00F92BA2-AB7C-496D-B4A6-AE9D4286DFCC}.Release|Any CPU.Build.0 = Release|Any CPU
	EndGlobalSection
	GlobalSection(SolutionProperties) = preSolution
		HideSolutionNode = FALSE
	EndGlobalSection
	GlobalSection(ExtensibilityGlobals) = postSolution
		SolutionGuid = {623CE115-E9B5-4052-B9A6-E8EDD29546A4}
	EndGlobalSection
EndGlobal
